<?xml version="1.0" encoding="utf-8"?>
<Project ToolsVersion="4.0" xmlns="http://schemas.microsoft.com/developer/msbuild/2003">
  <ItemGroup>
    <Filter Include="Файлы исходного кода">
      <UniqueIdentifier>{4FC737F1-C7A5-4376-A066-2A32D752A2FF}</UniqueIdentifier>
      <Extensions>cpp;c;cc;cxx;def;odl;idl;hpj;bat;asm;asmx</Extensions>
    </Filter>
    <Filter Include="Заголовочные файлы">
      <UniqueIdentifier>{93995380-89BD-4b04-88EB-625FBE52EBFB}</UniqueIdentifier>
      <Extensions>h;hh;hpp;hxx;hm;inl;inc;xsd</Extensions>
    </Filter>
    <Filter Include="Файлы ресурсов">
      <UniqueIdentifier>{67DA6AB6-F800-4c08-8B7A-83BB121AAD01}</UniqueIdentifier>
      <Extensions>rc;ico;cur;bmp;dlg;rc2;rct;bin;rgs;gif;jpg;jpeg;jpe;resx;tiff;tif;png;wav;mfcribbon-ms</Extensions>
    </Filter>
    <Filter Include="Заголовочные файлы\Old_Sources">
      <UniqueIdentifier>{8883e32b-e146-44fb-b542-3adb38b57fd8}</UniqueIdentifier>
    </Filter>
    <Filter Include="Menus">
      <UniqueIdentifier>{4224352c-9a5d-43dd-9eee-661ec74bdeea}</UniqueIdentifier>
    </Filter>
    <Filter Include="Файлы исходного кода\Menus">
      <UniqueIdentifier>{aca56297-df01-4e70-9bfc-2b37e63b3e2d}</UniqueIdentifier>
    </Filter>
    <Filter Include="back&amp;hud">
      <UniqueIdentifier>{a74baea2-187a-4453-9a43-f16fd0e97ae5}</UniqueIdentifier>
    </Filter>
    <Filter Include="Fields&amp;Menagers">
      <UniqueIdentifier>{87d06c5f-2b07-4dfd-b5bb-0c5272d1dfb0}</UniqueIdentifier>
    </Filter>
    <Filter Include="Ships">
      <UniqueIdentifier>{57394150-ff78-4123-8999-ab69c7f950eb}</UniqueIdentifier>
    </Filter>
  </ItemGroup>
  <ItemGroup>
    <Text Include="ReadMe.txt" />
  </ItemGroup>
  <ItemGroup>
    <ClInclude Include="stdafx.h">
      <Filter>Заголовочные файлы</Filter>
    </ClInclude>
    <ClInclude Include="targetver.h">
      <Filter>Заголовочные файлы</Filter>
    </ClInclude>
    <ClInclude Include="Logic.h">
      <Filter>Заголовочные файлы</Filter>
    </ClInclude>
    <ClInclude Include="ShipsClasses.h">
      <Filter>Заголовочные файлы</Filter>
    </ClInclude>
    <ClInclude Include="Settings.h">
      <Filter>Заголовочные файлы</Filter>
    </ClInclude>
    <ClInclude Include="PlayerS.h">
      <Filter>Заголовочные файлы</Filter>
    </ClInclude>
    <ClInclude Include="setofenemy.h">
      <Filter>Заголовочные файлы</Filter>
    </ClInclude>
    <ClInclude Include="coords.h">
      <Filter>Заголовочные файлы</Filter>
    </ClInclude>
    <ClInclude Include="Bullet.h">
      <Filter>Заголовочные файлы</Filter>
    </ClInclude>
    <ClInclude Include="baseitem.h">
      <Filter>Заголовочные файлы\Old_Sources</Filter>
    </ClInclude>
    <ClInclude Include="SetOfBullets.h">
      <Filter>Заголовочные файлы</Filter>
    </ClInclude>
    <ClInclude Include="playerbullet.h">
      <Filter>Заголовочные файлы\Old_Sources</Filter>
    </ClInclude>
    <ClInclude Include="phfsint.hpp">
      <Filter>Заголовочные файлы</Filter>
    </ClInclude>
    <ClInclude Include="transitscreen.h">
      <Filter>Заголовочные файлы</Filter>
    </ClInclude>
    <ClInclude Include="PixelPerfect.h">
      <Filter>Заголовочные файлы</Filter>
    </ClInclude>
    <ClInclude Include="GameMenu.h">
      <Filter>Menus</Filter>
    </ClInclude>
    <ClInclude Include="BaseMenu.h">
      <Filter>Menus</Filter>
    </ClInclude>
    <ClInclude Include="Background_Class.h">
      <Filter>back&amp;hud</Filter>
    </ClInclude>
    <ClInclude Include="Hud.h">
      <Filter>back&amp;hud</Filter>
    </ClInclude>
    <ClInclude Include="LevelMenager.h">
      <Filter>Fields&amp;Menagers</Filter>
    </ClInclude>
    <ClInclude Include="GameField.h">
      <Filter>Fields&amp;Menagers</Filter>
    </ClInclude>
    <ClInclude Include="Level.h">
      <Filter>Fields&amp;Menagers</Filter>
    </ClInclude>
    <ClInclude Include="loadgameclass.h">
      <Filter>Menus</Filter>
    </ClInclude>
    <ClInclude Include="LevelBoss.h">
      <Filter>Ships</Filter>
    </ClInclude>
    <ClInclude Include="Enemy.h">
      <Filter>Ships</Filter>
    </ClInclude>
    <ClInclude Include="Player_Class.h">
      <Filter>Ships</Filter>
    </ClInclude>
    <ClInclude Include="ExceptionsDefenitions.h">
      <Filter>Заголовочные файлы</Filter>
    </ClInclude>
    <ClInclude Include="Intersectsmenager.h">
      <Filter>Заголовочные файлы</Filter>
    </ClInclude>
    <ClInclude Include="Thingsh.h">
      <Filter>Заголовочные файлы</Filter>
    </ClInclude>
  </ItemGroup>
  <ItemGroup>
    <ClCompile Include="stdafx.cpp">
      <Filter>Файлы исходного кода</Filter>
    </ClCompile>
    <ClCompile Include="Logic.cpp">
      <Filter>Файлы исходного кода</Filter>
    </ClCompile>
    <ClCompile Include="dllmain.cpp">
      <Filter>Файлы исходного кода</Filter>
    </ClCompile>
    <ClCompile Include="Settings.cpp">
      <Filter>Файлы исходного кода</Filter>
    </ClCompile>
    <ClCompile Include="setofenemy.cpp">
      <Filter>Файлы исходного кода</Filter>
    </ClCompile>
    <ClCompile Include="Bullet.cpp">
      <Filter>Файлы исходного кода</Filter>
    </ClCompile>
    <ClCompile Include="SetOfBullets.cpp">
      <Filter>Файлы исходного кода</Filter>
    </ClCompile>
    <ClCompile Include="transitscreen.cpp">
      <Filter>Файлы исходного кода</Filter>
    </ClCompile>
    <ClCompile Include="PixelPerfect.cpp">
      <Filter>Файлы исходного кода</Filter>
    </ClCompile>
    <ClCompile Include="BaseMenu.cpp">
      <Filter>Menus</Filter>
    </ClCompile>
    <ClCompile Include="GameMenu.cpp">
      <Filter>Menus</Filter>
    </ClCompile>
    <ClCompile Include="Hud.cpp">
      <Filter>back&amp;hud</Filter>
    </ClCompile>
    <ClCompile Include="Background_Class.cpp">
      <Filter>back&amp;hud</Filter>
    </ClCompile>
    <ClCompile Include="Level.cpp">
      <Filter>Fields&amp;Menagers</Filter>
    </ClCompile>
    <ClCompile Include="GameField.cpp">
      <Filter>Fields&amp;Menagers</Filter>
    </ClCompile>
    <ClCompile Include="LevelMenager.cpp">
      <Filter>Fields&amp;Menagers</Filter>
    </ClCompile>
    <ClCompile Include="loadgameclass.cpp">
      <Filter>Menus</Filter>
    </ClCompile>
    <ClCompile Include="Player_Class.cpp">
      <Filter>Ships</Filter>
    </ClCompile>
    <ClCompile Include="LevelBoss.cpp">
      <Filter>Ships</Filter>
    </ClCompile>
    <ClCompile Include="Enemy.cpp">
      <Filter>Ships</Filter>
    </ClCompile>
    <ClCompile Include="Intersectsmenager.cpp">
      <Filter>Файлы исходного кода</Filter>
    </ClCompile>
    <ClCompile Include="Things.cpp">
      <Filter>Файлы исходного кода</Filter>
    </ClCompile>
  </ItemGroup>
</Project>